
Microsoft Visual Studio Solution File, Format Version 12.00
# Visual Studio Version 17
VisualStudioVersion = 17.6.33723.286
MinimumVisualStudioVersion = 10.0.40219.1
Project("{9A19103F-16F7-4668-BE54-9A1E7A4F7556}") = "HW_1_1", "HW_1_1\HW_1_1.csproj", "{DC26895C-794D-4EFB-937B-463AEFEE673F}"
EndProject
Project("{9A19103F-16F7-4668-BE54-9A1E7A4F7556}") = "HW_1_2", "HW_1_2\HW_1_2.csproj", "{69EB697B-1C8F-4FB5-9C53-8AF53AC69FDD}"
EndProject
Project("{9A19103F-16F7-4668-BE54-9A1E7A4F7556}") = "HW_1_3", "HW_1_3\HW_1_3.csproj", "{1281AB39-B20B-4E68-A4B6-77D1D2E784FB}"
EndProject
Project("{9A19103F-16F7-4668-BE54-9A1E7A4F7556}") = "HW_1_4", "HW_1_4\HW_1_4.csproj", "{0ABF9528-D558-4A6D-9FDD-B3EECA66EB4B}"
EndProject
Project("{9A19103F-16F7-4668-BE54-9A1E7A4F7556}") = "HW_2_1", "HW_2_1\HW_2_1.csproj", "{B7DD7C93-11FE-4E56-A815-F4A7AEF9E6C8}"
EndProject
Project("{9A19103F-16F7-4668-BE54-9A1E7A4F7556}") = "HW_2_2", "HW_2_2\HW_2_2.csproj", "{5A65E9AD-FAD8-40F1-ACDB-53EEF185C32E}"
EndProject
Project("{9A19103F-16F7-4668-BE54-9A1E7A4F7556}") = "HW_2_3", "HW_2_3\HW_2_3.csproj", "{E1564F50-0C8C-446E-85C9-D55DE525E77C}"
EndProject
Project("{9A19103F-16F7-4668-BE54-9A1E7A4F7556}") = "HW_2_4", "HW_2_4\HW_2_4.csproj", "{01C7CDC9-1B50-4713-8A0A-6C4498A124DC}"
EndProject
Project("{9A19103F-16F7-4668-BE54-9A1E7A4F7556}") = "HW_2_5", "HW_2_5\HW_2_5.csproj", "{26453F1C-C47B-4E8B-8B9F-853F7781D6DA}"
EndProject
Project("{9A19103F-16F7-4668-BE54-9A1E7A4F7556}") = "HW_2_6", "HW_2_6\HW_2_6.csproj", "{F316C61C-FE93-416F-9C8A-94FFE6F3C76D}"
EndProject
Project("{9A19103F-16F7-4668-BE54-9A1E7A4F7556}") = "HW_3_2", "HW_3_2\HW_3_2.csproj", "{0C63D47C-2AF4-4DB9-AC78-2BE766313868}"
EndProject
Project("{9A19103F-16F7-4668-BE54-9A1E7A4F7556}") = "HW_3_1", "HW_3_1\HW_3_1.csproj", "{7FE543F9-6B42-4DC1-B370-E260A64F08EE}"
EndProject
Project("{9A19103F-16F7-4668-BE54-9A1E7A4F7556}") = "HW_3_3", "HW_3_3\HW_3_3.csproj", "{A602C961-62BF-4960-AD62-1758433ED35E}"
EndProject
Project("{9A19103F-16F7-4668-BE54-9A1E7A4F7556}") = "HW_3_4", "HW_3_4\HW_3_4.csproj", "{853B3047-FF1A-433E-A601-E6A8329A0A76}"
EndProject
Project("{9A19103F-16F7-4668-BE54-9A1E7A4F7556}") = "HW_3_5", "HW_3_5\HW_3_5.csproj", "{37E8ABAF-8357-4A5D-A4FB-74FFEE412935}"
EndProject
Project("{9A19103F-16F7-4668-BE54-9A1E7A4F7556}") = "HW_3_6", "HW_3_6\HW_3_6.csproj", "{4658A78D-A062-4452-A127-294FA35FD59B}"
EndProject
Project("{9A19103F-16F7-4668-BE54-9A1E7A4F7556}") = "HW_3_7", "HW_3_7\HW_3_7.csproj", "{5966B4ED-2FE4-4040-8D54-6FF85C325605}"
EndProject
Project("{9A19103F-16F7-4668-BE54-9A1E7A4F7556}") = "HW_4_1", "HW_4_1\HW_4_1.csproj", "{C814E725-23C9-43B4-ADC4-B53F396EE188}"
EndProject
Project("{9A19103F-16F7-4668-BE54-9A1E7A4F7556}") = "HW_4_2", "HW_4_2\HW_4_2.csproj", "{33A727DC-EF0B-43EB-920B-8FE184C0F973}"
EndProject
Project("{9A19103F-16F7-4668-BE54-9A1E7A4F7556}") = "HW_4_3", "HW_4_3\HW_4_3.csproj", "{8F803E3B-29F4-478D-824C-6C1FDF5E083D}"
EndProject
Project("{9A19103F-16F7-4668-BE54-9A1E7A4F7556}") = "HW_4_4", "HW_4_4\HW_4_4.csproj", "{E46774D7-7D66-405F-A3C0-A0E6D4C43214}"
EndProject
Project("{9A19103F-16F7-4668-BE54-9A1E7A4F7556}") = "HW_4_5", "HW_4_5\HW_4_5.csproj", "{8E19367E-BB14-40D2-9389-B55C3520B13F}"
EndProject
Project("{9A19103F-16F7-4668-BE54-9A1E7A4F7556}") = "HW_4_6", "HW_4_6\HW_4_6.csproj", "{B44D4EBF-D46B-4795-894E-98BB441ADFD9}"
EndProject
Project("{9A19103F-16F7-4668-BE54-9A1E7A4F7556}") = "HW_6_1", "HW_6_1\HW_6_1.csproj", "{8249BC28-A0E8-4773-84C0-602D15119A19}"
EndProject
Project("{2150E333-8FDC-42A3-9474-1A3956D46DE8}") = "Solution Items", "Solution Items", "{4AA9CEE6-1C09-4D82-8663-4EFC87183E61}"
	ProjectSection(SolutionItems) = preProject
		docker-compose.yml = docker-compose.yml
	EndProjectSection
EndProject
Project("{9A19103F-16F7-4668-BE54-9A1E7A4F7556}") = "HW_6_2", "HW_6_2\HW_6_2.csproj", "{6FF69617-E518-4095-B085-E4EC59140EC0}"
EndProject
Project("{2150E333-8FDC-42A3-9474-1A3956D46DE8}") = "HW_6_3", "HW_6_3", "{30AD9FA5-F598-4B40-BFA4-191A45CCC781}"
EndProject
Project("{9A19103F-16F7-4668-BE54-9A1E7A4F7556}") = "HW_6_3.Host", "HW_6_3\HW_6_3.Host\HW_6_3.Host.csproj", "{4AB15B0B-EBF7-4790-B1E0-B3284FF1D3E9}"
EndProject
Project("{9A19103F-16F7-4668-BE54-9A1E7A4F7556}") = "HW_6_3.UnitTests", "HW_6_3\HW_6_3.UnitTests\HW_6_3.UnitTests.csproj", "{FA8F58D3-8D93-43BE-A17A-928A552CAEFC}"
EndProject
Project("{2150E333-8FDC-42A3-9474-1A3956D46DE8}") = "HW_6_4", "HW_6_4", "{CF29D87F-22A1-40F6-9042-1FACE89BD333}"
EndProject
Project("{2150E333-8FDC-42A3-9474-1A3956D46DE8}") = "Catalog", "Catalog", "{6035716C-6E4B-45FB-A09F-D9FAC93E32D1}"
EndProject
Project("{2150E333-8FDC-42A3-9474-1A3956D46DE8}") = "Infrastructure", "Infrastructure", "{58D9CF5A-A692-40D1-953B-B341783E49B8}"
EndProject
Project("{2150E333-8FDC-42A3-9474-1A3956D46DE8}") = "Proxy", "Proxy", "{FFFC7B1A-C384-434D-AAE5-4A8F0F6F3C74}"
EndProject
Project("{2150E333-8FDC-42A3-9474-1A3956D46DE8}") = "Web", "Web", "{BAE4F091-C787-48F1-B2AC-38A8873B2241}"
EndProject
Project("{9A19103F-16F7-4668-BE54-9A1E7A4F7556}") = "Catalog.Host", "HW_6_4\Catalog\Catalog.Host\Catalog.Host.csproj", "{78A169CE-CB1E-4790-8E1C-09C64176B5EC}"
EndProject
Project("{9A19103F-16F7-4668-BE54-9A1E7A4F7556}") = "Catalog.UnitTests", "HW_6_4\Catalog\Catalog.UnitTests\Catalog.UnitTests.csproj", "{5055B4EA-EC5E-472B-8E6A-E348A60FCB22}"
EndProject
Project("{9A19103F-16F7-4668-BE54-9A1E7A4F7556}") = "Infrastructure.UnitTests", "HW_6_4\Infrastructure\Infrastructure.UnitTests\Infrastructure.UnitTests.csproj", "{D87A3847-E402-4090-9F12-DC11758229EF}"
EndProject
Project("{9A19103F-16F7-4668-BE54-9A1E7A4F7556}") = "Infrastructure", "HW_6_4\Infrastructure\Infrastructure\Infrastructure.csproj", "{10F5F7AB-45C9-4573-84ED-F295F195CCC5}"
EndProject
Project("{9A19103F-16F7-4668-BE54-9A1E7A4F7556}") = "EShop", "HW_6_4\Web\EShop\EShop.csproj", "{66079314-0D89-40F3-B9E0-CEAF50F05067}"
EndProject
Project("{2150E333-8FDC-42A3-9474-1A3956D46DE8}") = "assets", "assets", "{21B10F7E-52DE-4914-8CFA-97F1467E99D6}"
EndProject
Project("{2150E333-8FDC-42A3-9474-1A3956D46DE8}") = "images", "images", "{8923BD5E-C780-48AE-9D52-2B2D566422DF}"
	ProjectSection(SolutionItems) = preProject
		..\FinalProject\eShop\Proxy\assets\images\1.png = ..\FinalProject\eShop\Proxy\assets\images\1.png
		..\FinalProject\eShop\Proxy\assets\images\10.png = ..\FinalProject\eShop\Proxy\assets\images\10.png
		..\FinalProject\eShop\Proxy\assets\images\11.png = ..\FinalProject\eShop\Proxy\assets\images\11.png
		..\FinalProject\eShop\Proxy\assets\images\12.png = ..\FinalProject\eShop\Proxy\assets\images\12.png
		..\FinalProject\eShop\Proxy\assets\images\13.png = ..\FinalProject\eShop\Proxy\assets\images\13.png
		..\FinalProject\eShop\Proxy\assets\images\14.png = ..\FinalProject\eShop\Proxy\assets\images\14.png
		..\FinalProject\eShop\Proxy\assets\images\2.png = ..\FinalProject\eShop\Proxy\assets\images\2.png
		..\FinalProject\eShop\Proxy\assets\images\3.png = ..\FinalProject\eShop\Proxy\assets\images\3.png
		..\FinalProject\eShop\Proxy\assets\images\4.png = ..\FinalProject\eShop\Proxy\assets\images\4.png
		..\FinalProject\eShop\Proxy\assets\images\5.png = ..\FinalProject\eShop\Proxy\assets\images\5.png
		..\FinalProject\eShop\Proxy\assets\images\6.png = ..\FinalProject\eShop\Proxy\assets\images\6.png
		..\FinalProject\eShop\Proxy\assets\images\7.png = ..\FinalProject\eShop\Proxy\assets\images\7.png
		..\FinalProject\eShop\Proxy\assets\images\8.png = ..\FinalProject\eShop\Proxy\assets\images\8.png
		..\FinalProject\eShop\Proxy\assets\images\9.png = ..\FinalProject\eShop\Proxy\assets\images\9.png
	EndProjectSection
EndProject
Project("{2150E333-8FDC-42A3-9474-1A3956D46DE8}") = "gateway", "gateway", "{30D8E62C-8C29-404B-A1BF-EE3B4B5E3AE5}"
EndProject
Project("{2150E333-8FDC-42A3-9474-1A3956D46DE8}") = "nginx", "nginx", "{446A0FC3-56C7-418E-8D49-2C8F544CBA68}"
EndProject
Project("{2150E333-8FDC-42A3-9474-1A3956D46DE8}") = "conf.d", "conf.d", "{9D054FCE-B4F7-4BBE-8B62-1BAB6CAD98A1}"
	ProjectSection(SolutionItems) = preProject
		HW_6_4\Proxy\gateway\nginx\conf.d\default.conf = HW_6_4\Proxy\gateway\nginx\conf.d\default.conf
	EndProjectSection
EndProject
Global
	GlobalSection(SolutionConfigurationPlatforms) = preSolution
		Debug|Any CPU = Debug|Any CPU
		Release|Any CPU = Release|Any CPU
	EndGlobalSection
	GlobalSection(ProjectConfigurationPlatforms) = postSolution
		{DC26895C-794D-4EFB-937B-463AEFEE673F}.Debug|Any CPU.ActiveCfg = Debug|Any CPU
		{DC26895C-794D-4EFB-937B-463AEFEE673F}.Debug|Any CPU.Build.0 = Debug|Any CPU
		{DC26895C-794D-4EFB-937B-463AEFEE673F}.Release|Any CPU.ActiveCfg = Release|Any CPU
		{DC26895C-794D-4EFB-937B-463AEFEE673F}.Release|Any CPU.Build.0 = Release|Any CPU
		{69EB697B-1C8F-4FB5-9C53-8AF53AC69FDD}.Debug|Any CPU.ActiveCfg = Debug|Any CPU
		{69EB697B-1C8F-4FB5-9C53-8AF53AC69FDD}.Debug|Any CPU.Build.0 = Debug|Any CPU
		{69EB697B-1C8F-4FB5-9C53-8AF53AC69FDD}.Release|Any CPU.ActiveCfg = Release|Any CPU
		{69EB697B-1C8F-4FB5-9C53-8AF53AC69FDD}.Release|Any CPU.Build.0 = Release|Any CPU
		{1281AB39-B20B-4E68-A4B6-77D1D2E784FB}.Debug|Any CPU.ActiveCfg = Debug|Any CPU
		{1281AB39-B20B-4E68-A4B6-77D1D2E784FB}.Debug|Any CPU.Build.0 = Debug|Any CPU
		{1281AB39-B20B-4E68-A4B6-77D1D2E784FB}.Release|Any CPU.ActiveCfg = Release|Any CPU
		{1281AB39-B20B-4E68-A4B6-77D1D2E784FB}.Release|Any CPU.Build.0 = Release|Any CPU
		{0ABF9528-D558-4A6D-9FDD-B3EECA66EB4B}.Debug|Any CPU.ActiveCfg = Debug|Any CPU
		{0ABF9528-D558-4A6D-9FDD-B3EECA66EB4B}.Debug|Any CPU.Build.0 = Debug|Any CPU
		{0ABF9528-D558-4A6D-9FDD-B3EECA66EB4B}.Release|Any CPU.ActiveCfg = Release|Any CPU
		{0ABF9528-D558-4A6D-9FDD-B3EECA66EB4B}.Release|Any CPU.Build.0 = Release|Any CPU
		{B7DD7C93-11FE-4E56-A815-F4A7AEF9E6C8}.Debug|Any CPU.ActiveCfg = Debug|Any CPU
		{B7DD7C93-11FE-4E56-A815-F4A7AEF9E6C8}.Debug|Any CPU.Build.0 = Debug|Any CPU
		{B7DD7C93-11FE-4E56-A815-F4A7AEF9E6C8}.Release|Any CPU.ActiveCfg = Release|Any CPU
		{B7DD7C93-11FE-4E56-A815-F4A7AEF9E6C8}.Release|Any CPU.Build.0 = Release|Any CPU
		{5A65E9AD-FAD8-40F1-ACDB-53EEF185C32E}.Debug|Any CPU.ActiveCfg = Debug|Any CPU
		{5A65E9AD-FAD8-40F1-ACDB-53EEF185C32E}.Debug|Any CPU.Build.0 = Debug|Any CPU
		{5A65E9AD-FAD8-40F1-ACDB-53EEF185C32E}.Release|Any CPU.ActiveCfg = Release|Any CPU
		{5A65E9AD-FAD8-40F1-ACDB-53EEF185C32E}.Release|Any CPU.Build.0 = Release|Any CPU
		{E1564F50-0C8C-446E-85C9-D55DE525E77C}.Debug|Any CPU.ActiveCfg = Debug|Any CPU
		{E1564F50-0C8C-446E-85C9-D55DE525E77C}.Debug|Any CPU.Build.0 = Debug|Any CPU
		{E1564F50-0C8C-446E-85C9-D55DE525E77C}.Release|Any CPU.ActiveCfg = Release|Any CPU
		{E1564F50-0C8C-446E-85C9-D55DE525E77C}.Release|Any CPU.Build.0 = Release|Any CPU
		{01C7CDC9-1B50-4713-8A0A-6C4498A124DC}.Debug|Any CPU.ActiveCfg = Debug|Any CPU
		{01C7CDC9-1B50-4713-8A0A-6C4498A124DC}.Debug|Any CPU.Build.0 = Debug|Any CPU
		{01C7CDC9-1B50-4713-8A0A-6C4498A124DC}.Release|Any CPU.ActiveCfg = Release|Any CPU
		{01C7CDC9-1B50-4713-8A0A-6C4498A124DC}.Release|Any CPU.Build.0 = Release|Any CPU
		{26453F1C-C47B-4E8B-8B9F-853F7781D6DA}.Debug|Any CPU.ActiveCfg = Debug|Any CPU
		{26453F1C-C47B-4E8B-8B9F-853F7781D6DA}.Debug|Any CPU.Build.0 = Debug|Any CPU
		{26453F1C-C47B-4E8B-8B9F-853F7781D6DA}.Release|Any CPU.ActiveCfg = Release|Any CPU
		{26453F1C-C47B-4E8B-8B9F-853F7781D6DA}.Release|Any CPU.Build.0 = Release|Any CPU
		{F316C61C-FE93-416F-9C8A-94FFE6F3C76D}.Debug|Any CPU.ActiveCfg = Debug|Any CPU
		{F316C61C-FE93-416F-9C8A-94FFE6F3C76D}.Debug|Any CPU.Build.0 = Debug|Any CPU
		{F316C61C-FE93-416F-9C8A-94FFE6F3C76D}.Release|Any CPU.ActiveCfg = Release|Any CPU
		{F316C61C-FE93-416F-9C8A-94FFE6F3C76D}.Release|Any CPU.Build.0 = Release|Any CPU
		{0C63D47C-2AF4-4DB9-AC78-2BE766313868}.Debug|Any CPU.ActiveCfg = Debug|Any CPU
		{0C63D47C-2AF4-4DB9-AC78-2BE766313868}.Debug|Any CPU.Build.0 = Debug|Any CPU
		{0C63D47C-2AF4-4DB9-AC78-2BE766313868}.Release|Any CPU.ActiveCfg = Release|Any CPU
		{0C63D47C-2AF4-4DB9-AC78-2BE766313868}.Release|Any CPU.Build.0 = Release|Any CPU
		{7FE543F9-6B42-4DC1-B370-E260A64F08EE}.Debug|Any CPU.ActiveCfg = Debug|Any CPU
		{7FE543F9-6B42-4DC1-B370-E260A64F08EE}.Debug|Any CPU.Build.0 = Debug|Any CPU
		{7FE543F9-6B42-4DC1-B370-E260A64F08EE}.Release|Any CPU.ActiveCfg = Release|Any CPU
		{7FE543F9-6B42-4DC1-B370-E260A64F08EE}.Release|Any CPU.Build.0 = Release|Any CPU
		{A602C961-62BF-4960-AD62-1758433ED35E}.Debug|Any CPU.ActiveCfg = Debug|Any CPU
		{A602C961-62BF-4960-AD62-1758433ED35E}.Debug|Any CPU.Build.0 = Debug|Any CPU
		{A602C961-62BF-4960-AD62-1758433ED35E}.Release|Any CPU.ActiveCfg = Release|Any CPU
		{A602C961-62BF-4960-AD62-1758433ED35E}.Release|Any CPU.Build.0 = Release|Any CPU
		{853B3047-FF1A-433E-A601-E6A8329A0A76}.Debug|Any CPU.ActiveCfg = Debug|Any CPU
		{853B3047-FF1A-433E-A601-E6A8329A0A76}.Debug|Any CPU.Build.0 = Debug|Any CPU
		{853B3047-FF1A-433E-A601-E6A8329A0A76}.Release|Any CPU.ActiveCfg = Release|Any CPU
		{853B3047-FF1A-433E-A601-E6A8329A0A76}.Release|Any CPU.Build.0 = Release|Any CPU
		{37E8ABAF-8357-4A5D-A4FB-74FFEE412935}.Debug|Any CPU.ActiveCfg = Debug|Any CPU
		{37E8ABAF-8357-4A5D-A4FB-74FFEE412935}.Debug|Any CPU.Build.0 = Debug|Any CPU
		{37E8ABAF-8357-4A5D-A4FB-74FFEE412935}.Release|Any CPU.ActiveCfg = Release|Any CPU
		{37E8ABAF-8357-4A5D-A4FB-74FFEE412935}.Release|Any CPU.Build.0 = Release|Any CPU
		{4658A78D-A062-4452-A127-294FA35FD59B}.Debug|Any CPU.ActiveCfg = Debug|Any CPU
		{4658A78D-A062-4452-A127-294FA35FD59B}.Debug|Any CPU.Build.0 = Debug|Any CPU
		{4658A78D-A062-4452-A127-294FA35FD59B}.Release|Any CPU.ActiveCfg = Release|Any CPU
		{4658A78D-A062-4452-A127-294FA35FD59B}.Release|Any CPU.Build.0 = Release|Any CPU
		{5966B4ED-2FE4-4040-8D54-6FF85C325605}.Debug|Any CPU.ActiveCfg = Debug|Any CPU
		{5966B4ED-2FE4-4040-8D54-6FF85C325605}.Debug|Any CPU.Build.0 = Debug|Any CPU
		{5966B4ED-2FE4-4040-8D54-6FF85C325605}.Release|Any CPU.ActiveCfg = Release|Any CPU
		{5966B4ED-2FE4-4040-8D54-6FF85C325605}.Release|Any CPU.Build.0 = Release|Any CPU
		{C814E725-23C9-43B4-ADC4-B53F396EE188}.Debug|Any CPU.ActiveCfg = Debug|Any CPU
		{C814E725-23C9-43B4-ADC4-B53F396EE188}.Debug|Any CPU.Build.0 = Debug|Any CPU
		{C814E725-23C9-43B4-ADC4-B53F396EE188}.Release|Any CPU.ActiveCfg = Release|Any CPU
		{C814E725-23C9-43B4-ADC4-B53F396EE188}.Release|Any CPU.Build.0 = Release|Any CPU
		{33A727DC-EF0B-43EB-920B-8FE184C0F973}.Debug|Any CPU.ActiveCfg = Debug|Any CPU
		{33A727DC-EF0B-43EB-920B-8FE184C0F973}.Debug|Any CPU.Build.0 = Debug|Any CPU
		{33A727DC-EF0B-43EB-920B-8FE184C0F973}.Release|Any CPU.ActiveCfg = Release|Any CPU
		{33A727DC-EF0B-43EB-920B-8FE184C0F973}.Release|Any CPU.Build.0 = Release|Any CPU
		{8F803E3B-29F4-478D-824C-6C1FDF5E083D}.Debug|Any CPU.ActiveCfg = Debug|Any CPU
		{8F803E3B-29F4-478D-824C-6C1FDF5E083D}.Debug|Any CPU.Build.0 = Debug|Any CPU
		{8F803E3B-29F4-478D-824C-6C1FDF5E083D}.Release|Any CPU.ActiveCfg = Release|Any CPU
		{8F803E3B-29F4-478D-824C-6C1FDF5E083D}.Release|Any CPU.Build.0 = Release|Any CPU
		{E46774D7-7D66-405F-A3C0-A0E6D4C43214}.Debug|Any CPU.ActiveCfg = Debug|Any CPU
		{E46774D7-7D66-405F-A3C0-A0E6D4C43214}.Debug|Any CPU.Build.0 = Debug|Any CPU
		{E46774D7-7D66-405F-A3C0-A0E6D4C43214}.Release|Any CPU.ActiveCfg = Release|Any CPU
		{E46774D7-7D66-405F-A3C0-A0E6D4C43214}.Release|Any CPU.Build.0 = Release|Any CPU
		{8E19367E-BB14-40D2-9389-B55C3520B13F}.Debug|Any CPU.ActiveCfg = Debug|Any CPU
		{8E19367E-BB14-40D2-9389-B55C3520B13F}.Debug|Any CPU.Build.0 = Debug|Any CPU
		{8E19367E-BB14-40D2-9389-B55C3520B13F}.Release|Any CPU.ActiveCfg = Release|Any CPU
		{8E19367E-BB14-40D2-9389-B55C3520B13F}.Release|Any CPU.Build.0 = Release|Any CPU
		{B44D4EBF-D46B-4795-894E-98BB441ADFD9}.Debug|Any CPU.ActiveCfg = Debug|Any CPU
		{B44D4EBF-D46B-4795-894E-98BB441ADFD9}.Debug|Any CPU.Build.0 = Debug|Any CPU
		{B44D4EBF-D46B-4795-894E-98BB441ADFD9}.Release|Any CPU.ActiveCfg = Release|Any CPU
		{B44D4EBF-D46B-4795-894E-98BB441ADFD9}.Release|Any CPU.Build.0 = Release|Any CPU
		{8249BC28-A0E8-4773-84C0-602D15119A19}.Debug|Any CPU.ActiveCfg = Debug|Any CPU
		{8249BC28-A0E8-4773-84C0-602D15119A19}.Debug|Any CPU.Build.0 = Debug|Any CPU
		{8249BC28-A0E8-4773-84C0-602D15119A19}.Release|Any CPU.ActiveCfg = Release|Any CPU
		{8249BC28-A0E8-4773-84C0-602D15119A19}.Release|Any CPU.Build.0 = Release|Any CPU
		{6FF69617-E518-4095-B085-E4EC59140EC0}.Debug|Any CPU.ActiveCfg = Debug|Any CPU
		{6FF69617-E518-4095-B085-E4EC59140EC0}.Debug|Any CPU.Build.0 = Debug|Any CPU
		{6FF69617-E518-4095-B085-E4EC59140EC0}.Release|Any CPU.ActiveCfg = Release|Any CPU
		{6FF69617-E518-4095-B085-E4EC59140EC0}.Release|Any CPU.Build.0 = Release|Any CPU
		{4AB15B0B-EBF7-4790-B1E0-B3284FF1D3E9}.Debug|Any CPU.ActiveCfg = Debug|Any CPU
		{4AB15B0B-EBF7-4790-B1E0-B3284FF1D3E9}.Debug|Any CPU.Build.0 = Debug|Any CPU
		{4AB15B0B-EBF7-4790-B1E0-B3284FF1D3E9}.Release|Any CPU.ActiveCfg = Release|Any CPU
		{4AB15B0B-EBF7-4790-B1E0-B3284FF1D3E9}.Release|Any CPU.Build.0 = Release|Any CPU
		{FA8F58D3-8D93-43BE-A17A-928A552CAEFC}.Debug|Any CPU.ActiveCfg = Debug|Any CPU
		{FA8F58D3-8D93-43BE-A17A-928A552CAEFC}.Debug|Any CPU.Build.0 = Debug|Any CPU
		{FA8F58D3-8D93-43BE-A17A-928A552CAEFC}.Release|Any CPU.ActiveCfg = Release|Any CPU
		{FA8F58D3-8D93-43BE-A17A-928A552CAEFC}.Release|Any CPU.Build.0 = Release|Any CPU
		{78A169CE-CB1E-4790-8E1C-09C64176B5EC}.Debug|Any CPU.ActiveCfg = Debug|Any CPU
		{78A169CE-CB1E-4790-8E1C-09C64176B5EC}.Debug|Any CPU.Build.0 = Debug|Any CPU
		{78A169CE-CB1E-4790-8E1C-09C64176B5EC}.Release|Any CPU.ActiveCfg = Release|Any CPU
		{78A169CE-CB1E-4790-8E1C-09C64176B5EC}.Release|Any CPU.Build.0 = Release|Any CPU
		{5055B4EA-EC5E-472B-8E6A-E348A60FCB22}.Debug|Any CPU.ActiveCfg = Debug|Any CPU
		{5055B4EA-EC5E-472B-8E6A-E348A60FCB22}.Debug|Any CPU.Build.0 = Debug|Any CPU
		{5055B4EA-EC5E-472B-8E6A-E348A60FCB22}.Release|Any CPU.ActiveCfg = Release|Any CPU
		{5055B4EA-EC5E-472B-8E6A-E348A60FCB22}.Release|Any CPU.Build.0 = Release|Any CPU
		{D87A3847-E402-4090-9F12-DC11758229EF}.Debug|Any CPU.ActiveCfg = Debug|Any CPU
		{D87A3847-E402-4090-9F12-DC11758229EF}.Debug|Any CPU.Build.0 = Debug|Any CPU
		{D87A3847-E402-4090-9F12-DC11758229EF}.Release|Any CPU.ActiveCfg = Release|Any CPU
		{D87A3847-E402-4090-9F12-DC11758229EF}.Release|Any CPU.Build.0 = Release|Any CPU
		{10F5F7AB-45C9-4573-84ED-F295F195CCC5}.Debug|Any CPU.ActiveCfg = Debug|Any CPU
		{10F5F7AB-45C9-4573-84ED-F295F195CCC5}.Debug|Any CPU.Build.0 = Debug|Any CPU
		{10F5F7AB-45C9-4573-84ED-F295F195CCC5}.Release|Any CPU.ActiveCfg = Release|Any CPU
		{10F5F7AB-45C9-4573-84ED-F295F195CCC5}.Release|Any CPU.Build.0 = Release|Any CPU
		{66079314-0D89-40F3-B9E0-CEAF50F05067}.Debug|Any CPU.ActiveCfg = Debug|Any CPU
		{66079314-0D89-40F3-B9E0-CEAF50F05067}.Debug|Any CPU.Build.0 = Debug|Any CPU
		{66079314-0D89-40F3-B9E0-CEAF50F05067}.Release|Any CPU.ActiveCfg = Release|Any CPU
		{66079314-0D89-40F3-B9E0-CEAF50F05067}.Release|Any CPU.Build.0 = Release|Any CPU
	EndGlobalSection
	GlobalSection(SolutionProperties) = preSolution
		HideSolutionNode = FALSE
	EndGlobalSection
	GlobalSection(NestedProjects) = preSolution
		{4AB15B0B-EBF7-4790-B1E0-B3284FF1D3E9} = {30AD9FA5-F598-4B40-BFA4-191A45CCC781}
		{FA8F58D3-8D93-43BE-A17A-928A552CAEFC} = {30AD9FA5-F598-4B40-BFA4-191A45CCC781}
		{6035716C-6E4B-45FB-A09F-D9FAC93E32D1} = {CF29D87F-22A1-40F6-9042-1FACE89BD333}
		{58D9CF5A-A692-40D1-953B-B341783E49B8} = {CF29D87F-22A1-40F6-9042-1FACE89BD333}
		{FFFC7B1A-C384-434D-AAE5-4A8F0F6F3C74} = {CF29D87F-22A1-40F6-9042-1FACE89BD333}
		{BAE4F091-C787-48F1-B2AC-38A8873B2241} = {CF29D87F-22A1-40F6-9042-1FACE89BD333}
		{78A169CE-CB1E-4790-8E1C-09C64176B5EC} = {6035716C-6E4B-45FB-A09F-D9FAC93E32D1}
		{5055B4EA-EC5E-472B-8E6A-E348A60FCB22} = {6035716C-6E4B-45FB-A09F-D9FAC93E32D1}
		{D87A3847-E402-4090-9F12-DC11758229EF} = {58D9CF5A-A692-40D1-953B-B341783E49B8}
		{10F5F7AB-45C9-4573-84ED-F295F195CCC5} = {58D9CF5A-A692-40D1-953B-B341783E49B8}
		{66079314-0D89-40F3-B9E0-CEAF50F05067} = {BAE4F091-C787-48F1-B2AC-38A8873B2241}
		{21B10F7E-52DE-4914-8CFA-97F1467E99D6} = {FFFC7B1A-C384-434D-AAE5-4A8F0F6F3C74}
		{8923BD5E-C780-48AE-9D52-2B2D566422DF} = {21B10F7E-52DE-4914-8CFA-97F1467E99D6}
		{30D8E62C-8C29-404B-A1BF-EE3B4B5E3AE5} = {FFFC7B1A-C384-434D-AAE5-4A8F0F6F3C74}
		{446A0FC3-56C7-418E-8D49-2C8F544CBA68} = {30D8E62C-8C29-404B-A1BF-EE3B4B5E3AE5}
		{9D054FCE-B4F7-4BBE-8B62-1BAB6CAD98A1} = {446A0FC3-56C7-418E-8D49-2C8F544CBA68}
	EndGlobalSection
	GlobalSection(ExtensibilityGlobals) = postSolution
		SolutionGuid = {C84FE308-9653-4A76-891A-3DE26A37D46F}
	EndGlobalSection
EndGlobal
