
Microsoft Visual Studio Solution File, Format Version 12.00
# Visual Studio Version 17
VisualStudioVersion = 17.6.33723.286
MinimumVisualStudioVersion = 10.0.40219.1
Project("{9A19103F-16F7-4668-BE54-9A1E7A4F7556}") = "HW_1_1", "HW_1_1\HW_1_1.csproj", "{DC26895C-794D-4EFB-937B-463AEFEE673F}"
EndProject
Project("{9A19103F-16F7-4668-BE54-9A1E7A4F7556}") = "HW_1_2", "HW_1_2\HW_1_2.csproj", "{69EB697B-1C8F-4FB5-9C53-8AF53AC69FDD}"
EndProject
Project("{9A19103F-16F7-4668-BE54-9A1E7A4F7556}") = "HW_1_3", "HW_1_3\HW_1_3.csproj", "{1281AB39-B20B-4E68-A4B6-77D1D2E784FB}"
EndProject
Project("{9A19103F-16F7-4668-BE54-9A1E7A4F7556}") = "HW_1_4", "HW_1_4\HW_1_4.csproj", "{0ABF9528-D558-4A6D-9FDD-B3EECA66EB4B}"
EndProject
Project("{9A19103F-16F7-4668-BE54-9A1E7A4F7556}") = "HW_2_1", "HW_2_1\HW_2_1.csproj", "{B7DD7C93-11FE-4E56-A815-F4A7AEF9E6C8}"
EndProject
Project("{9A19103F-16F7-4668-BE54-9A1E7A4F7556}") = "HW_2_2", "HW_2_2\HW_2_2.csproj", "{5A65E9AD-FAD8-40F1-ACDB-53EEF185C32E}"
EndProject
Project("{9A19103F-16F7-4668-BE54-9A1E7A4F7556}") = "HW_2_3", "HW_2_3\HW_2_3.csproj", "{E1564F50-0C8C-446E-85C9-D55DE525E77C}"
EndProject
Project("{FAE04EC0-301F-11D3-BF4B-00C04F79EFBC}") = "HW_2_4", "HW_2_4\HW_2_4.csproj", "{01C7CDC9-1B50-4713-8A0A-6C4498A124DC}"
EndProject
Global
	GlobalSection(SolutionConfigurationPlatforms) = preSolution
		Debug|Any CPU = Debug|Any CPU
		Release|Any CPU = Release|Any CPU
	EndGlobalSection
	GlobalSection(ProjectConfigurationPlatforms) = postSolution
		{DC26895C-794D-4EFB-937B-463AEFEE673F}.Debug|Any CPU.ActiveCfg = Debug|Any CPU
		{DC26895C-794D-4EFB-937B-463AEFEE673F}.Debug|Any CPU.Build.0 = Debug|Any CPU
		{DC26895C-794D-4EFB-937B-463AEFEE673F}.Release|Any CPU.ActiveCfg = Release|Any CPU
		{DC26895C-794D-4EFB-937B-463AEFEE673F}.Release|Any CPU.Build.0 = Release|Any CPU
		{69EB697B-1C8F-4FB5-9C53-8AF53AC69FDD}.Debug|Any CPU.ActiveCfg = Debug|Any CPU
		{69EB697B-1C8F-4FB5-9C53-8AF53AC69FDD}.Debug|Any CPU.Build.0 = Debug|Any CPU
		{69EB697B-1C8F-4FB5-9C53-8AF53AC69FDD}.Release|Any CPU.ActiveCfg = Release|Any CPU
		{69EB697B-1C8F-4FB5-9C53-8AF53AC69FDD}.Release|Any CPU.Build.0 = Release|Any CPU
		{1281AB39-B20B-4E68-A4B6-77D1D2E784FB}.Debug|Any CPU.ActiveCfg = Debug|Any CPU
		{1281AB39-B20B-4E68-A4B6-77D1D2E784FB}.Debug|Any CPU.Build.0 = Debug|Any CPU
		{1281AB39-B20B-4E68-A4B6-77D1D2E784FB}.Release|Any CPU.ActiveCfg = Release|Any CPU
		{1281AB39-B20B-4E68-A4B6-77D1D2E784FB}.Release|Any CPU.Build.0 = Release|Any CPU
		{0ABF9528-D558-4A6D-9FDD-B3EECA66EB4B}.Debug|Any CPU.ActiveCfg = Debug|Any CPU
		{0ABF9528-D558-4A6D-9FDD-B3EECA66EB4B}.Debug|Any CPU.Build.0 = Debug|Any CPU
		{0ABF9528-D558-4A6D-9FDD-B3EECA66EB4B}.Release|Any CPU.ActiveCfg = Release|Any CPU
		{0ABF9528-D558-4A6D-9FDD-B3EECA66EB4B}.Release|Any CPU.Build.0 = Release|Any CPU
		{B7DD7C93-11FE-4E56-A815-F4A7AEF9E6C8}.Debug|Any CPU.ActiveCfg = Debug|Any CPU
		{B7DD7C93-11FE-4E56-A815-F4A7AEF9E6C8}.Debug|Any CPU.Build.0 = Debug|Any CPU
		{B7DD7C93-11FE-4E56-A815-F4A7AEF9E6C8}.Release|Any CPU.ActiveCfg = Release|Any CPU
		{B7DD7C93-11FE-4E56-A815-F4A7AEF9E6C8}.Release|Any CPU.Build.0 = Release|Any CPU
		{5A65E9AD-FAD8-40F1-ACDB-53EEF185C32E}.Debug|Any CPU.ActiveCfg = Debug|Any CPU
		{5A65E9AD-FAD8-40F1-ACDB-53EEF185C32E}.Debug|Any CPU.Build.0 = Debug|Any CPU
		{5A65E9AD-FAD8-40F1-ACDB-53EEF185C32E}.Release|Any CPU.ActiveCfg = Release|Any CPU
		{5A65E9AD-FAD8-40F1-ACDB-53EEF185C32E}.Release|Any CPU.Build.0 = Release|Any CPU
		{E1564F50-0C8C-446E-85C9-D55DE525E77C}.Debug|Any CPU.ActiveCfg = Debug|Any CPU
		{E1564F50-0C8C-446E-85C9-D55DE525E77C}.Debug|Any CPU.Build.0 = Debug|Any CPU
		{E1564F50-0C8C-446E-85C9-D55DE525E77C}.Release|Any CPU.ActiveCfg = Release|Any CPU
		{E1564F50-0C8C-446E-85C9-D55DE525E77C}.Release|Any CPU.Build.0 = Release|Any CPU
		{01C7CDC9-1B50-4713-8A0A-6C4498A124DC}.Debug|Any CPU.ActiveCfg = Debug|Any CPU
		{01C7CDC9-1B50-4713-8A0A-6C4498A124DC}.Debug|Any CPU.Build.0 = Debug|Any CPU
		{01C7CDC9-1B50-4713-8A0A-6C4498A124DC}.Release|Any CPU.ActiveCfg = Release|Any CPU
		{01C7CDC9-1B50-4713-8A0A-6C4498A124DC}.Release|Any CPU.Build.0 = Release|Any CPU
	EndGlobalSection
	GlobalSection(SolutionProperties) = preSolution
		HideSolutionNode = FALSE
	EndGlobalSection
	GlobalSection(ExtensibilityGlobals) = postSolution
		SolutionGuid = {C84FE308-9653-4A76-891A-3DE26A37D46F}
	EndGlobalSection
EndGlobal
